
Microsoft Visual Studio Solution File, Format Version 12.00
# Visual Studio Version 17
VisualStudioVersion = 17.3.32929.385
MinimumVisualStudioVersion = 10.0.40219.1
Project("{FAE04EC0-301F-11D3-BF4B-00C04F79EFBC}") = "InterestingAlgorithms", "InterestingAlgorithms.csproj", "{D34ED62F-6474-4E1F-8053-53EA85982867}"
EndProject
Global
	GlobalSection(SolutionConfigurationPlatforms) = preSolution
		Debug|Any CPU = Debug|Any CPU
		Release|Any CPU = Release|Any CPU
	EndGlobalSection
	GlobalSection(ProjectConfigurationPlatforms) = postSolution
		{D34ED62F-6474-4E1F-8053-53EA85982867}.Debug|Any CPU.ActiveCfg = Debug|Any CPU
		{D34ED62F-6474-4E1F-8053-53EA85982867}.Debug|Any CPU.Build.0 = Debug|Any CPU
		{D34ED62F-6474-4E1F-8053-53EA85982867}.Release|Any CPU.ActiveCfg = Release|Any CPU
		{D34ED62F-6474-4E1F-8053-53EA85982867}.Release|Any CPU.Build.0 = Release|Any CPU
	EndGlobalSection
	GlobalSection(SolutionProperties) = preSolution
		HideSolutionNode = FALSE
	EndGlobalSection
	GlobalSection(ExtensibilityGlobals) = postSolution
		SolutionGuid = {F850766F-91E3-44CC-9C38-BB3EFA095209}
	EndGlobalSection
EndGlobal
